{
  "name": "tedxrset",
  "version": "1.0.0",
  "lockfileVersion": 1,
  "requires": true,
  "dependencies": {
    "conversational-form": {
      "version": "0.9.83",
      "resolved": "https://registry.npmjs.org/conversational-form/-/conversational-form-0.9.83.tgz",
      "integrity": "sha512-9dkgF2A9bvOn8ZdKWwIxPxBe5nSWYOPJd2IolpqU+PH4Krr6shiKfEq2lFGM6dbLmyUYu+yvUm2e7PaJGNenFg=="
    }
  }
}
